# This file is generated by running "yarn install" inside your project.
# Manual changes might be lost - proceed with caution!

__metadata:
  version: 4
  cacheKey: 4

"@types/node@npm:*":
  version: 14.0.13
  resolution: "@types/node@npm:14.0.13"
  checksum: 2f2be6f7f1a916b0f4d58949bd934a8e41c0dcb15c493c17c3eaf78da3065c09650030f0dfe2e8c11880d597ee001d7cd925129218037fdb4432e80f7d895673
  languageName: node
  linkType: hard

"@vercel/build-utils@npm:2.4.0":
  version: 2.4.0
  resolution: "@vercel/build-utils@npm:2.4.0"
  checksum: ff978ae4c4d81ddc3d82c370e013ce8742612106ca755d060e7332528d5548fbe6d2486670fd6322beb8900b92ec3f5f7fc29bd7e83499b6a5e9e44eed1be628
  languageName: node
  linkType: hard

"@vercel/go@npm:1.1.2":
  version: 1.1.2
  resolution: "@vercel/go@npm:1.1.2"
  checksum: 6c4fc7df4708636ab0c31fe021c4e828cf70be946ec1977536ac165ac99642ad813183e8195f49b58a815132e56c3665ebefedf3c390dd57f04eb974f5e2fda7
  languageName: node
  linkType: hard

"@vercel/next@npm:2.6.6":
  version: 2.6.6
  resolution: "@vercel/next@npm:2.6.6"
  checksum: 393246be3969aa98f771ed1a2da0d3c801b9ca43fbaf87b06806439552d1e0e12ad194722b2fb7d22297a9fa052ec8ea94011da9cb288aa798feca3d76f5d5d5
  languageName: node
  linkType: hard

"@vercel/node@npm:1.7.0":
  version: 1.7.0
  resolution: "@vercel/node@npm:1.7.0"
  dependencies:
    "@types/node": "*"
    ts-node: 8.9.1
    typescript: 3.9.3
  checksum: 121f07676604c3ae066df7b02bd49482cd591590d3e9404837720e3e5740f9933933c8b85d6002909c14f9f3912aa55d438bb2b97802df96924f283ef4fb7b6b
  languageName: node
  linkType: hard

"@vercel/python@npm:1.2.2":
  version: 1.2.2
  resolution: "@vercel/python@npm:1.2.2"
  checksum: 80b2deed46bf0084e2f16e82bccc6974ea65e59b51398b3744b2cb5bc585f2157496c04c7e37544bb9754e768dc0ef3fbe6e391f974749ce364a28763e7fde53
  languageName: node
  linkType: hard

"@vercel/ruby@npm:1.2.2":
  version: 1.2.2
  resolution: "@vercel/ruby@npm:1.2.2"
  checksum: b63e001f80fe7c8e513a1b3118db33c47fc509511e989054e132e1920cb886b66870e37815311b6c6e8825be57326979e3cc3579677a966f5f59df24a76cc3aa
  languageName: node
  linkType: hard

"@vercel/static-build@npm:0.17.2":
  version: 0.17.2
  resolution: "@vercel/static-build@npm:0.17.2"
  checksum: ac5a5fab5cbda8134f497b8bcb31c7c1e3ba74168faaaa2be245294cd8d3f86032d3f2d8e00c65618cb49beb49ead84d9d46c3971fd669e1259d27d18944e009
  languageName: node
  linkType: hard

"arg@npm:^4.1.0":
  version: 4.1.3
  resolution: "arg@npm:4.1.3"
  checksum: 81b3b40b1529c4fbf75b12f7c3e6fb2dcce9e78072063babc169de9b4f40777788f3d2b04380f659ef676a756e03ccfbfe78adf4477353bda906295fa69dab89
  languageName: node
  linkType: hard

"buffer-from@npm:^1.0.0":
  version: 1.1.1
  resolution: "buffer-from@npm:1.1.1"
  checksum: 540ceb79c4f5bfcadaabbc18324fa84c50dc52905084be7c03596a339cf5a88513bee6831ce9b36ddd046fab09257a7c80686e129d0559a0cfd141da196ad956
  languageName: node
  linkType: hard

"diff@npm:^4.0.1":
  version: 4.0.2
  resolution: "diff@npm:4.0.2"
  checksum: 81b5cd7ddde6f0ba2a532d434cfdca365aedd6cc62bb133e851e66e071d40382a30924a07c1034bd3d5a2e332146f64514b73c06fe2ebc0490a67f0c98da79fb
  languageName: node
  linkType: hard

"hackerdo.cc@workspace:.":
  version: 0.0.0-use.local
  resolution: "hackerdo.cc@workspace:."
  dependencies:
    vercel: ^19.1.0
  languageName: unknown
  linkType: soft

"make-error@npm:^1.1.1":
  version: 1.3.6
  resolution: "make-error@npm:1.3.6"
  checksum: 2c780bab8409b865e8ee86697c599a2bf2765ec64d21eb67ccda27050e039f983feacad05a0d43aba3c966ea03d305d2612e94fec45474bcbc61181f57c5bb88
  languageName: node
  linkType: hard

"source-map-support@npm:^0.5.17":
  version: 0.5.19
  resolution: "source-map-support@npm:0.5.19"
  dependencies:
    buffer-from: ^1.0.0
    source-map: ^0.6.0
  checksum: 59d4efaae97755155b078413ecba63517e3ef054cc7ab767bbd30e6f3054be2ae8e8f5cce7eef53b7eb93e98fe27a58dd8f5e7abfb13144ba420ddaf5267bbb2
  languageName: node
  linkType: hard

"source-map@npm:^0.6.0":
  version: 0.6.1
  resolution: "source-map@npm:0.6.1"
  checksum: 8647829a0611724114022be455ca1c8a2c8ae61df81c5b3667d9b398207226a1e21174fb7bbf0b4dbeb27ac358222afb5a14f1c74a62a62b8883b012e5eb1270
  languageName: node
  linkType: hard

"ts-node@npm:8.9.1":
  version: 8.9.1
  resolution: "ts-node@npm:8.9.1"
  dependencies:
    arg: ^4.1.0
    diff: ^4.0.1
    make-error: ^1.1.1
    source-map-support: ^0.5.17
    yn: 3.1.1
  peerDependencies:
    typescript: ">=2.7"
  bin:
    ts-node: dist/bin.js
    ts-node-script: dist/bin-script.js
    ts-node-transpile-only: dist/bin-transpile.js
    ts-script: dist/bin-script-deprecated.js
  checksum: 8b365cd64448b6a7904f910d5d23d25ffc5a89a7dad9cfae9cf6c6cda464b08ecf10601aadc6db04155deecd9b64546745c614c3d4180d1d19ad85fdfb5f14d3
  languageName: node
  linkType: hard

typescript@3.9.3:
  version: 3.9.3
  resolution: "typescript@npm:3.9.3"
  bin:
    tsc: bin/tsc
    tsserver: bin/tsserver
  checksum: f05e6f1c50c635bd7afc95fbc9eb704042b5bec9a77b9c86ddc0c56650c928617d608b9ec9aa468d7b4cf14ac1ea5f540c540c725005a179b54a86665abd9a55
  languageName: node
  linkType: hard

"typescript@patch:typescript@3.9.3#builtin<compat/typescript>":
  version: 3.9.3
  resolution: "typescript@patch:typescript@npm%3A3.9.3#builtin<compat/typescript>::version=3.9.3&hash=0ea415"
  bin:
    tsc: bin/tsc
    tsserver: bin/tsserver
  checksum: f0e04cd2f84e04824efe5c556d85ff804574609fec5e1a45841ccd96617fedd4c4aaa73baf90c3657af89c21dcb7567bfff449617d4a8abd3e88b67cca95f3fd
  languageName: node
  linkType: hard

"vercel@npm:^19.1.0":
  version: 19.1.0
  resolution: "vercel@npm:19.1.0"
  dependencies:
    "@vercel/build-utils": 2.4.0
    "@vercel/go": 1.1.2
    "@vercel/next": 2.6.6
    "@vercel/node": 1.7.0
    "@vercel/python": 1.2.2
    "@vercel/ruby": 1.2.2
    "@vercel/static-build": 0.17.2
  bin:
    vc: dist/index.js
    vercel: dist/index.js
  checksum: 934eac8df74c444a9fd9767dd38d65d96480ca996c85b09cf147dfc739655c25ded9384ac4aa6cf279bc01ed7828b2e418d2c3dc801eeafbf607d60ad5696e88
  languageName: node
  linkType: hard

"yn@npm:3.1.1":
  version: 3.1.1
  resolution: "yn@npm:3.1.1"
  checksum: bff63b80568d80c711670935427494dde47cdf97e8b04196b140ce0af519c81c5ee857eddad0caa8b422dd65aea0157bbfaacbb1546bebba623f0f383d5d9ae5
  languageName: node
  linkType: hard
